// !$*UTF8*$!
{
	archiveVersion = 1;
	classes = {
	};
	objectVersion = 56;
	objects = {

/* Begin PBXBuildFile section */
		C52D21342C18588B005055BC /* AppDelegate.swift in Sources */ = {isa = PBXBuildFile; fileRef = C52D21332C18588B005055BC /* AppDelegate.swift */; };
		C52D21362C18588B005055BC /* SceneDelegate.swift in Sources */ = {isa = PBXBuildFile; fileRef = C52D21352C18588B005055BC /* SceneDelegate.swift */; };
		C52D21382C18588B005055BC /* ViewController.swift in Sources */ = {isa = PBXBuildFile; fileRef = C52D21372C18588B005055BC /* ViewController.swift */; };
		C52D213D2C18588C005055BC /* Assets.xcassets in Resources */ = {isa = PBXBuildFile; fileRef = C52D213C2C18588C005055BC /* Assets.xcassets */; };
		C52D21402C18588C005055BC /* Base in Resources */ = {isa = PBXBuildFile; fileRef = C52D213F2C18588C005055BC /* Base */; };
		C52D21492C18BC90005055BC /* SnapKit in Frameworks */ = {isa = PBXBuildFile; productRef = C52D21482C18BC90005055BC /* SnapKit */; };
		C52D21522C1B2910005055BC /* UITextField+Extensions.swift in Sources */ = {isa = PBXBuildFile; fileRef = C52D21512C1B2910005055BC /* UITextField+Extensions.swift */; };
/* End PBXBuildFile section */

/* Begin PBXFileReference section */
		C52D21302C18588B005055BC /* iOS13-HW11-AnnaButskevich.app */ = {isa = PBXFileReference; explicitFileType = wrapper.application; includeInIndex = 0; path = "iOS13-HW11-AnnaButskevich.app"; sourceTree = BUILT_PRODUCTS_DIR; };
		C52D21332C18588B005055BC /* AppDelegate.swift */ = {isa = PBXFileReference; lastKnownFileType = sourcecode.swift; path = AppDelegate.swift; sourceTree = "<group>"; };
		C52D21352C18588B005055BC /* SceneDelegate.swift */ = {isa = PBXFileReference; lastKnownFileType = sourcecode.swift; path = SceneDelegate.swift; sourceTree = "<group>"; };
		C52D21372C18588B005055BC /* ViewController.swift */ = {isa = PBXFileReference; lastKnownFileType = sourcecode.swift; path = ViewController.swift; sourceTree = "<group>"; };
		C52D213C2C18588C005055BC /* Assets.xcassets */ = {isa = PBXFileReference; lastKnownFileType = folder.assetcatalog; path = Assets.xcassets; sourceTree = "<group>"; };
		C52D213F2C18588C005055BC /* Base */ = {isa = PBXFileReference; lastKnownFileType = file.storyboard; name = Base; path = Base.lproj/LaunchScreen.storyboard; sourceTree = "<group>"; };
		C52D21412C18588C005055BC /* Info.plist */ = {isa = PBXFileReference; lastKnownFileType = text.plist.xml; path = Info.plist; sourceTree = "<group>"; };
		C52D21512C1B2910005055BC /* UITextField+Extensions.swift */ = {isa = PBXFileReference; lastKnownFileType = sourcecode.swift; path = "UITextField+Extensions.swift"; sourceTree = "<group>"; };
/* End PBXFileReference section */

/* Begin PBXFrameworksBuildPhase section */
		C52D212D2C18588B005055BC /* Frameworks */ = {
			isa = PBXFrameworksBuildPhase;
			buildActionMask = 2147483647;
			files = (
				C52D21492C18BC90005055BC /* SnapKit in Frameworks */,
			);
			runOnlyForDeploymentPostprocessing = 0;
		};
/* End PBXFrameworksBuildPhase section */

/* Begin PBXGroup section */
		C52D21272C18588B005055BC = {
			isa = PBXGroup;
			children = (
				C52D21322C18588B005055BC /* iOS13-HW11-AnnaButskevich */,
				C52D21312C18588B005055BC /* Products */,
			);
			sourceTree = "<group>";
		};
		C52D21312C18588B005055BC /* Products */ = {
			isa = PBXGroup;
			children = (
				C52D21302C18588B005055BC /* iOS13-HW11-AnnaButskevich.app */,
			);
			name = Products;
			sourceTree = "<group>";
		};
		C52D21322C18588B005055BC /* iOS13-HW11-AnnaButskevich */ = {
			isa = PBXGroup;
			children = (
				C52D214C2C1B2845005055BC /* Extensions */,
				C52D21332C18588B005055BC /* AppDelegate.swift */,
				C52D21352C18588B005055BC /* SceneDelegate.swift */,
				C52D21372C18588B005055BC /* ViewController.swift */,
				C52D213C2C18588C005055BC /* Assets.xcassets */,
				C52D213E2C18588C005055BC /* LaunchScreen.storyboard */,
				C52D21412C18588C005055BC /* Info.plist */,
			);
			path = "iOS13-HW11-AnnaButskevich";
			sourceTree = "<group>";
		};
		C52D214C2C1B2845005055BC /* Extensions */ = {
			isa = PBXGroup;
			children = (
				C52D21502C1B28E9005055BC /* UIKit+Extensions */,
			);
			path = Extensions;
			sourceTree = "<group>";
		};
		C52D21502C1B28E9005055BC /* UIKit+Extensions */ = {
			isa = PBXGroup;
			children = (
				C52D21512C1B2910005055BC /* UITextField+Extensions.swift */,
			);
			path = "UIKit+Extensions";
			sourceTree = "<group>";
		};
/* End PBXGroup section */

/* Begin PBXNativeTarget section */
		C52D212F2C18588B005055BC /* iOS13-HW11-AnnaButskevich */ = {
			isa = PBXNativeTarget;
			buildConfigurationList = C52D21442C18588C005055BC /* Build configuration list for PBXNativeTarget "iOS13-HW11-AnnaButskevich" */;
			buildPhases = (
				C52D212C2C18588B005055BC /* Sources */,
				C52D212D2C18588B005055BC /* Frameworks */,
				C52D212E2C18588B005055BC /* Resources */,
			);
			buildRules = (
			);
			dependencies = (
			);
			name = "iOS13-HW11-AnnaButskevich";
			packageProductDependencies = (
				C52D21482C18BC90005055BC /* SnapKit */,
			);
			productName = "iOS13-HW11-AnnaButskevich";
			productReference = C52D21302C18588B005055BC /* iOS13-HW11-AnnaButskevich.app */;
			productType = "com.apple.product-type.application";
		};
/* End PBXNativeTarget section */

/* Begin PBXProject section */
		C52D21282C18588B005055BC /* Project object */ = {
			isa = PBXProject;
			attributes = {
				BuildIndependentTargetsInParallel = 1;
				LastSwiftUpdateCheck = 1540;
				LastUpgradeCheck = 1540;
				TargetAttributes = {
					C52D212F2C18588B005055BC = {
						CreatedOnToolsVersion = 15.4;
					};
				};
			};
			buildConfigurationList = C52D212B2C18588B005055BC /* Build configuration list for PBXProject "iOS13-HW11-AnnaButskevich" */;
			compatibilityVersion = "Xcode 14.0";
			developmentRegion = en;
			hasScannedForEncodings = 0;
			knownRegions = (
				en,
				Base,
			);
			mainGroup = C52D21272C18588B005055BC;
			packageReferences = (
				C52D21472C18BC90005055BC /* XCRemoteSwiftPackageReference "SnapKit" */,
			);
			productRefGroup = C52D21312C18588B005055BC /* Products */;
			projectDirPath = "";
			projectRoot = "";
			targets = (
				C52D212F2C18588B005055BC /* iOS13-HW11-AnnaButskevich */,
			);
		};
/* End PBXProject section */

/* Begin PBXResourcesBuildPhase section */
		C52D212E2C18588B005055BC /* Resources */ = {
			isa = PBXResourcesBuildPhase;
			buildActionMask = 2147483647;
			files = (
				C52D213D2C18588C005055BC /* Assets.xcassets in Resources */,
				C52D21402C18588C005055BC /* Base in Resources */,
			);
			runOnlyForDeploymentPostprocessing = 0;
		};
/* End PBXResourcesBuildPhase section */

/* Begin PBXSourcesBuildPhase section */
		C52D212C2C18588B005055BC /* Sources */ = {
			isa = PBXSourcesBuildPhase;
			buildActionMask = 2147483647;
			files = (
				C52D21382C18588B005055BC /* ViewController.swift in Sources */,
				C52D21522C1B2910005055BC /* UITextField+Extensions.swift in Sources */,
				C52D21342C18588B005055BC /* AppDelegate.swift in Sources */,
				C52D21362C18588B005055BC /* SceneDelegate.swift in Sources */,
			);
			runOnlyForDeploymentPostprocessing = 0;
		};
/* End PBXSourcesBuildPhase section */

/* Begin PBXVariantGroup section */
		C52D213E2C18588C005055BC /* LaunchScreen.storyboard */ = {
			isa = PBXVariantGroup;
			children = (
				C52D213F2C18588C005055BC /* Base */,
			);
			name = LaunchScreen.storyboard;
			sourceTree = "<group>";
		};
/* End PBXVariantGroup section */

/* Begin XCBuildConfiguration section */
		C52D21422C18588C005055BC /* Debug */ = {
			isa = XCBuildConfiguration;
			buildSettings = {
				ALWAYS_SEARCH_USER_PATHS = NO;
				ASSETCATALOG_COMPILER_GENERATE_SWIFT_ASSET_SYMBOL_EXTENSIONS = YES;
				CLANG_ANALYZER_NONNULL = YES;
				CLANG_ANALYZER_NUMBER_OBJECT_CONVERSION = YES_AGGRESSIVE;
				CLANG_CXX_LANGUAGE_STANDARD = "gnu++20";
				CLANG_ENABLE_MODULES = YES;
				CLANG_ENABLE_OBJC_ARC = YES;
				CLANG_ENABLE_OBJC_WEAK = YES;
				CLANG_WARN_BLOCK_CAPTURE_AUTORELEASING = YES;
				CLANG_WARN_BOOL_CONVERSION = YES;
				CLANG_WARN_COMMA = YES;
				CLANG_WARN_CONSTANT_CONVERSION = YES;
				CLANG_WARN_DEPRECATED_OBJC_IMPLEMENTATIONS = YES;
				CLANG_WARN_DIRECT_OBJC_ISA_USAGE = YES_ERROR;
				CLANG_WARN_DOCUMENTATION_COMMENTS = YES;
				CLANG_WARN_EMPTY_BODY = YES;
				CLANG_WARN_ENUM_CONVERSION = YES;
				CLANG_WARN_INFINITE_RECURSION = YES;
				CLANG_WARN_INT_CONVERSION = YES;
				CLANG_WARN_NON_LITERAL_NULL_CONVERSION = YES;
				CLANG_WARN_OBJC_IMPLICIT_RETAIN_SELF = YES;
				CLANG_WARN_OBJC_LITERAL_CONVERSION = YES;
				CLANG_WARN_OBJC_ROOT_CLASS = YES_ERROR;
				CLANG_WARN_QUOTED_INCLUDE_IN_FRAMEWORK_HEADER = YES;
				CLANG_WARN_RANGE_LOOP_ANALYSIS = YES;
				CLANG_WARN_STRICT_PROTOTYPES = YES;
				CLANG_WARN_SUSPICIOUS_MOVE = YES;
				CLANG_WARN_UNGUARDED_AVAILABILITY = YES_AGGRESSIVE;
				CLANG_WARN_UNREACHABLE_CODE = YES;
				CLANG_WARN__DUPLICATE_METHOD_MATCH = YES;
				COPY_PHASE_STRIP = NO;
				DEBUG_INFORMATION_FORMAT = dwarf;
				ENABLE_STRICT_OBJC_MSGSEND = YES;
				ENABLE_TESTABILITY = YES;
				ENABLE_USER_SCRIPT_SANDBOXING = YES;
				GCC_C_LANGUAGE_STANDARD = gnu17;
				GCC_DYNAMIC_NO_PIC = NO;
				GCC_NO_COMMON_BLOCKS = YES;
				GCC_OPTIMIZATION_LEVEL = 0;
				GCC_PREPROCESSOR_DEFINITIONS = (
					"DEBUG=1",
					"$(inherited)",
				);
				GCC_WARN_64_TO_32_BIT_CONVERSION = YES;
				GCC_WARN_ABOUT_RETURN_TYPE = YES_ERROR;
				GCC_WARN_UNDECLARED_SELECTOR = YES;
				GCC_WARN_UNINITIALIZED_AUTOS = YES_AGGRESSIVE;
				GCC_WARN_UNUSED_FUNCTION = YES;
				GCC_WARN_UNUSED_VARIABLE = YES;
				IPHONEOS_DEPLOYMENT_TARGET = 17.5;
				LOCALIZATION_PREFERS_STRING_CATALOGS = YES;
				MTL_ENABLE_DEBUG_INFO = INCLUDE_SOURCE;
				MTL_FAST_MATH = YES;
				ONLY_ACTIVE_ARCH = YES;
				SDKROOT = iphoneos;
				SWIFT_ACTIVE_COMPILATION_CONDITIONS = "DEBUG $(inherited)";
				SWIFT_OPTIMIZATION_LEVEL = "-Onone";
			};
			name = Debug;
		};
		C52D21432C18588C005055BC /* Release */ = {
			isa = XCBuildConfiguration;
			buildSettings = {
				ALWAYS_SEARCH_USER_PATHS = NO;
				ASSETCATALOG_COMPILER_GENERATE_SWIFT_ASSET_SYMBOL_EXTENSIONS = YES;
				CLANG_ANALYZER_NONNULL = YES;
				CLANG_ANALYZER_NUMBER_OBJECT_CONVERSION = YES_AGGRESSIVE;
				CLANG_CXX_LANGUAGE_STANDARD = "gnu++20";
				CLANG_ENABLE_MODULES = YES;
				CLANG_ENABLE_OBJC_ARC = YES;
				CLANG_ENABLE_OBJC_WEAK = YES;
				CLANG_WARN_BLOCK_CAPTURE_AUTORELEASING = YES;
				CLANG_WARN_BOOL_CONVERSION = YES;
				CLANG_WARN_COMMA = YES;
				CLANG_WARN_CONSTANT_CONVERSION = YES;
				CLANG_WARN_DEPRECATED_OBJC_IMPLEMENTATIONS = YES;
				CLANG_WARN_DIRECT_OBJC_ISA_USAGE = YES_ERROR;
				CLANG_WARN_DOCUMENTATION_COMMENTS = YES;
				CLANG_WARN_EMPTY_BODY = YES;
				CLANG_WARN_ENUM_CONVERSION = YES;
				CLANG_WARN_INFINITE_RECURSION = YES;
				CLANG_WARN_INT_CONVERSION = YES;
				CLANG_WARN_NON_LITERAL_NULL_CONVERSION = YES;
				CLANG_WARN_OBJC_IMPLICIT_RETAIN_SELF = YES;
				CLANG_WARN_OBJC_LITERAL_CONVERSION = YES;
				CLANG_WARN_OBJC_ROOT_CLASS = YES_ERROR;
				CLANG_WARN_QUOTED_INCLUDE_IN_FRAMEWORK_HEADER = YES;
				CLANG_WARN_RANGE_LOOP_ANALYSIS = YES;
				CLANG_WARN_STRICT_PROTOTYPES = YES;
				CLANG_WARN_SUSPICIOUS_MOVE = YES;
				CLANG_WARN_UNGUARDED_AVAILABILITY = YES_AGGRESSIVE;
				CLANG_WARN_UNREACHABLE_CODE = YES;
				CLANG_WARN__DUPLICATE_METHOD_MATCH = YES;
				COPY_PHASE_STRIP = NO;
				DEBUG_INFORMATION_FORMAT = "dwarf-with-dsym";
				ENABLE_NS_ASSERTIONS = NO;
				ENABLE_STRICT_OBJC_MSGSEND = YES;
				ENABLE_USER_SCRIPT_SANDBOXING = YES;
				GCC_C_LANGUAGE_STANDARD = gnu17;
				GCC_NO_COMMON_BLOCKS = YES;
				GCC_WARN_64_TO_32_BIT_CONVERSION = YES;
				GCC_WARN_ABOUT_RETURN_TYPE = YES_ERROR;
				GCC_WARN_UNDECLARED_SELECTOR = YES;
				GCC_WARN_UNINITIALIZED_AUTOS = YES_AGGRESSIVE;
				GCC_WARN_UNUSED_FUNCTION = YES;
				GCC_WARN_UNUSED_VARIABLE = YES;
				IPHONEOS_DEPLOYMENT_TARGET = 17.5;
				LOCALIZATION_PREFERS_STRING_CATALOGS = YES;
				MTL_ENABLE_DEBUG_INFO = NO;
				MTL_FAST_MATH = YES;
				SDKROOT = iphoneos;
				SWIFT_COMPILATION_MODE = wholemodule;
				VALIDATE_PRODUCT = YES;
			};
			name = Release;
		};
		C52D21452C18588C005055BC /* Debug */ = {
			isa = XCBuildConfiguration;
			buildSettings = {
				ASSETCATALOG_COMPILER_APPICON_NAME = AppIcon;
				ASSETCATALOG_COMPILER_GLOBAL_ACCENT_COLOR_NAME = AccentColor;
				CODE_SIGN_STYLE = Automatic;
				CURRENT_PROJECT_VERSION = 1;
				DEVELOPMENT_TEAM = 8LJ87735W7;
				GENERATE_INFOPLIST_FILE = YES;
				INFOPLIST_FILE = "iOS13-HW11-AnnaButskevich/Info.plist";
				INFOPLIST_KEY_UIApplicationSupportsIndirectInputEvents = YES;
				INFOPLIST_KEY_UILaunchStoryboardName = LaunchScreen;
				INFOPLIST_KEY_UIStatusBarStyle = "";
				LD_RUNPATH_SEARCH_PATHS = (
					"$(inherited)",
					"@executable_path/Frameworks",
				);
				MARKETING_VERSION = 1.0;
				PRODUCT_BUNDLE_IDENTIFIER = "com.my.iOS13-HW11-AnnaButskevich";
				PRODUCT_NAME = "$(TARGET_NAME)";
				SWIFT_EMIT_LOC_STRINGS = YES;
				SWIFT_VERSION = 5.0;
				TARGETED_DEVICE_FAMILY = "1,2";
			};
			name = Debug;
		};
		C52D21462C18588C005055BC /* Release */ = {
			isa = XCBuildConfiguration;
			buildSettings = {
				ASSETCATALOG_COMPILER_APPICON_NAME = AppIcon;
				ASSETCATALOG_COMPILER_GLOBAL_ACCENT_COLOR_NAME = AccentColor;
				CODE_SIGN_STYLE = Automatic;
				CURRENT_PROJECT_VERSION = 1;
				DEVELOPMENT_TEAM = 8LJ87735W7;
				GENERATE_INFOPLIST_FILE = YES;
				INFOPLIST_FILE = "iOS13-HW11-AnnaButskevich/Info.plist";
				INFOPLIST_KEY_UIApplicationSupportsIndirectInputEvents = YES;
				INFOPLIST_KEY_UILaunchStoryboardName = LaunchScreen;
				INFOPLIST_KEY_UIStatusBarStyle = "";
				LD_RUNPATH_SEARCH_PATHS = (
					"$(inherited)",
					"@executable_path/Frameworks",
				);
				MARKETING_VERSION = 1.0;
				PRODUCT_BUNDLE_IDENTIFIER = "com.my.iOS13-HW11-AnnaButskevich";
				PRODUCT_NAME = "$(TARGET_NAME)";
				SWIFT_EMIT_LOC_STRINGS = YES;
				SWIFT_VERSION = 5.0;
				TARGETED_DEVICE_FAMILY = "1,2";
			};
			name = Release;
		};
/* End XCBuildConfiguration section */

/* Begin XCConfigurationList section */
		C52D212B2C18588B005055BC /* Build configuration list for PBXProject "iOS13-HW11-AnnaButskevich" */ = {
			isa = XCConfigurationList;
			buildConfigurations = (
				C52D21422C18588C005055BC /* Debug */,
				C52D21432C18588C005055BC /* Release */,
			);
			defaultConfigurationIsVisible = 0;
			defaultConfigurationName = Release;
		};
		C52D21442C18588C005055BC /* Build configuration list for PBXNativeTarget "iOS13-HW11-AnnaButskevich" */ = {
			isa = XCConfigurationList;
			buildConfigurations = (
				C52D21452C18588C005055BC /* Debug */,
				C52D21462C18588C005055BC /* Release */,
			);
			defaultConfigurationIsVisible = 0;
			defaultConfigurationName = Release;
		};
/* End XCConfigurationList section */

/* Begin XCRemoteSwiftPackageReference section */
		C52D21472C18BC90005055BC /* XCRemoteSwiftPackageReference "SnapKit" */ = {
			isa = XCRemoteSwiftPackageReference;
			repositoryURL = "https://github.com/SnapKit/SnapKit.git";
			requirement = {
				kind = upToNextMajorVersion;
				minimumVersion = 5.7.1;
			};
		};
/* End XCRemoteSwiftPackageReference section */

/* Begin XCSwiftPackageProductDependency section */
		C52D21482C18BC90005055BC /* SnapKit */ = {
			isa = XCSwiftPackageProductDependency;
			package = C52D21472C18BC90005055BC /* XCRemoteSwiftPackageReference "SnapKit" */;
			productName = SnapKit;
		};
/* End XCSwiftPackageProductDependency section */
	};
	rootObject = C52D21282C18588B005055BC /* Project object */;
}
